// !$*UTF8*$!
{
	archiveVersion = 1;
	classes = {
	};
	objectVersion = 46;
	objects = {

/* Begin PBXBuildFile section */
		8914CF541DAB4BD100A940A6 /* main.m in Sources */ = {isa = PBXBuildFile; fileRef = 8914CF531DAB4BD100A940A6 /* main.m */; };
		8914CF571DAB4BD100A940A6 /* AppDelegate.m in Sources */ = {isa = PBXBuildFile; fileRef = 8914CF561DAB4BD100A940A6 /* AppDelegate.m */; };
		8914CF5F1DAB4BD100A940A6 /* Assets.xcassets in Resources */ = {isa = PBXBuildFile; fileRef = 8914CF5E1DAB4BD100A940A6 /* Assets.xcassets */; };
		8914CF621DAB4BD100A940A6 /* LaunchScreen.storyboard in Resources */ = {isa = PBXBuildFile; fileRef = 8914CF601DAB4BD100A940A6 /* LaunchScreen.storyboard */; };
		8914CF6B1DAB4BE800A940A6 /* ViewController.m in Sources */ = {isa = PBXBuildFile; fileRef = 8914CF6A1DAB4BE800A940A6 /* ViewController.m */; };
		8914CFB91DAB4BF700A940A6 /* Main.storyboard in Resources */ = {isa = PBXBuildFile; fileRef = 8914CFB81DAB4BF700A940A6 /* Main.storyboard */; };
		8914CFF01DAB4CC400A940A6 /* MJRefreshAutoFooter.m in Sources */ = {isa = PBXBuildFile; fileRef = 8914CFBE1DAB4CC400A940A6 /* MJRefreshAutoFooter.m */; };
		8914CFF11DAB4CC400A940A6 /* MJRefreshBackFooter.m in Sources */ = {isa = PBXBuildFile; fileRef = 8914CFC01DAB4CC400A940A6 /* MJRefreshBackFooter.m */; };
		8914CFF21DAB4CC400A940A6 /* MJRefreshComponent.m in Sources */ = {isa = PBXBuildFile; fileRef = 8914CFC21DAB4CC400A940A6 /* MJRefreshComponent.m */; };
		8914CFF31DAB4CC400A940A6 /* MJRefreshFooter.m in Sources */ = {isa = PBXBuildFile; fileRef = 8914CFC41DAB4CC400A940A6 /* MJRefreshFooter.m */; };
		8914CFF41DAB4CC400A940A6 /* MJRefreshHeader.m in Sources */ = {isa = PBXBuildFile; fileRef = 8914CFC61DAB4CC400A940A6 /* MJRefreshHeader.m */; };
		8914CFF51DAB4CC400A940A6 /* MJRefreshAutoGifFooter.m in Sources */ = {isa = PBXBuildFile; fileRef = 8914CFCB1DAB4CC400A940A6 /* MJRefreshAutoGifFooter.m */; };
		8914CFF61DAB4CC400A940A6 /* MJRefreshAutoNormalFooter.m in Sources */ = {isa = PBXBuildFile; fileRef = 8914CFCD1DAB4CC400A940A6 /* MJRefreshAutoNormalFooter.m */; };
		8914CFF71DAB4CC400A940A6 /* MJRefreshAutoStateFooter.m in Sources */ = {isa = PBXBuildFile; fileRef = 8914CFCF1DAB4CC400A940A6 /* MJRefreshAutoStateFooter.m */; };
		8914CFF81DAB4CC400A940A6 /* MJRefreshBackGifFooter.m in Sources */ = {isa = PBXBuildFile; fileRef = 8914CFD21DAB4CC400A940A6 /* MJRefreshBackGifFooter.m */; };
		8914CFF91DAB4CC400A940A6 /* MJRefreshBackNormalFooter.m in Sources */ = {isa = PBXBuildFile; fileRef = 8914CFD41DAB4CC400A940A6 /* MJRefreshBackNormalFooter.m */; };
		8914CFFA1DAB4CC400A940A6 /* MJRefreshBackStateFooter.m in Sources */ = {isa = PBXBuildFile; fileRef = 8914CFD61DAB4CC400A940A6 /* MJRefreshBackStateFooter.m */; };
		8914CFFB1DAB4CC400A940A6 /* MJRefreshGifHeader.m in Sources */ = {isa = PBXBuildFile; fileRef = 8914CFD91DAB4CC400A940A6 /* MJRefreshGifHeader.m */; };
		8914CFFC1DAB4CC400A940A6 /* MJRefreshNormalHeader.m in Sources */ = {isa = PBXBuildFile; fileRef = 8914CFDB1DAB4CC400A940A6 /* MJRefreshNormalHeader.m */; };
		8914CFFD1DAB4CC400A940A6 /* MJRefreshStateHeader.m in Sources */ = {isa = PBXBuildFile; fileRef = 8914CFDD1DAB4CC400A940A6 /* MJRefreshStateHeader.m */; };
		8914CFFE1DAB4CC400A940A6 /* MJRefresh.bundle in Resources */ = {isa = PBXBuildFile; fileRef = 8914CFDE1DAB4CC400A940A6 /* MJRefresh.bundle */; };
		8914CFFF1DAB4CC400A940A6 /* MJRefreshConst.m in Sources */ = {isa = PBXBuildFile; fileRef = 8914CFE11DAB4CC400A940A6 /* MJRefreshConst.m */; };
		8914D0001DAB4CC400A940A6 /* NSBundle+MJRefresh.m in Sources */ = {isa = PBXBuildFile; fileRef = 8914CFE31DAB4CC400A940A6 /* NSBundle+MJRefresh.m */; };
		8914D0011DAB4CC400A940A6 /* UIScrollView+MJExtension.m in Sources */ = {isa = PBXBuildFile; fileRef = 8914CFE51DAB4CC400A940A6 /* UIScrollView+MJExtension.m */; };
		8914D0021DAB4CC400A940A6 /* UIScrollView+MJRefresh.m in Sources */ = {isa = PBXBuildFile; fileRef = 8914CFE71DAB4CC400A940A6 /* UIScrollView+MJRefresh.m */; };
		8914D0031DAB4CC400A940A6 /* UIView+MJExtension.m in Sources */ = {isa = PBXBuildFile; fileRef = 8914CFE91DAB4CC400A940A6 /* UIView+MJExtension.m */; };
		8914D0041DAB4CC400A940A6 /* MJChiBaoZiFooter.m in Sources */ = {isa = PBXBuildFile; fileRef = 8914CFEC1DAB4CC400A940A6 /* MJChiBaoZiFooter.m */; };
		8914D0051DAB4CC400A940A6 /* MJChiBaoZiHeader.m in Sources */ = {isa = PBXBuildFile; fileRef = 8914CFEE1DAB4CC400A940A6 /* MJChiBaoZiHeader.m */; };
		8914D0061DAB4CC400A940A6 /* ShiDianRefresh.bundle in Resources */ = {isa = PBXBuildFile; fileRef = 8914CFEF1DAB4CC400A940A6 /* ShiDianRefresh.bundle */; };
		8914D0091DAB4E1F00A940A6 /* UIImage+ShiDianRefresh.m in Sources */ = {isa = PBXBuildFile; fileRef = 8914D0081DAB4E1F00A940A6 /* UIImage+ShiDianRefresh.m */; };
/* End PBXBuildFile section */

/* Begin PBXFileReference section */
		8914CF4F1DAB4BD100A940A6 /* ShiDianRefresh.app */ = {isa = PBXFileReference; explicitFileType = wrapper.application; includeInIndex = 0; path = ShiDianRefresh.app; sourceTree = BUILT_PRODUCTS_DIR; };
		8914CF531DAB4BD100A940A6 /* main.m */ = {isa = PBXFileReference; lastKnownFileType = sourcecode.c.objc; path = main.m; sourceTree = "<group>"; };
		8914CF551DAB4BD100A940A6 /* AppDelegate.h */ = {isa = PBXFileReference; lastKnownFileType = sourcecode.c.h; path = AppDelegate.h; sourceTree = "<group>"; };
		8914CF561DAB4BD100A940A6 /* AppDelegate.m */ = {isa = PBXFileReference; lastKnownFileType = sourcecode.c.objc; path = AppDelegate.m; sourceTree = "<group>"; };
		8914CF5E1DAB4BD100A940A6 /* Assets.xcassets */ = {isa = PBXFileReference; lastKnownFileType = folder.assetcatalog; path = Assets.xcassets; sourceTree = "<group>"; };
		8914CF611DAB4BD100A940A6 /* Base */ = {isa = PBXFileReference; lastKnownFileType = file.storyboard; name = Base; path = Base.lproj/LaunchScreen.storyboard; sourceTree = "<group>"; };
		8914CF631DAB4BD100A940A6 /* Info.plist */ = {isa = PBXFileReference; lastKnownFileType = text.plist.xml; path = Info.plist; sourceTree = "<group>"; };
		8914CF691DAB4BE800A940A6 /* ViewController.h */ = {isa = PBXFileReference; fileEncoding = 4; lastKnownFileType = sourcecode.c.h; path = ViewController.h; sourceTree = "<group>"; };
		8914CF6A1DAB4BE800A940A6 /* ViewController.m */ = {isa = PBXFileReference; fileEncoding = 4; lastKnownFileType = sourcecode.c.objc; path = ViewController.m; sourceTree = "<group>"; };
		8914CFB81DAB4BF700A940A6 /* Main.storyboard */ = {isa = PBXFileReference; fileEncoding = 4; lastKnownFileType = file.storyboard; path = Main.storyboard; sourceTree = "<group>"; };
		8914CFBD1DAB4CC400A940A6 /* MJRefreshAutoFooter.h */ = {isa = PBXFileReference; fileEncoding = 4; lastKnownFileType = sourcecode.c.h; path = MJRefreshAutoFooter.h; sourceTree = "<group>"; };
		8914CFBE1DAB4CC400A940A6 /* MJRefreshAutoFooter.m */ = {isa = PBXFileReference; fileEncoding = 4; lastKnownFileType = sourcecode.c.objc; path = MJRefreshAutoFooter.m; sourceTree = "<group>"; };
		8914CFBF1DAB4CC400A940A6 /* MJRefreshBackFooter.h */ = {isa = PBXFileReference; fileEncoding = 4; lastKnownFileType = sourcecode.c.h; path = MJRefreshBackFooter.h; sourceTree = "<group>"; };
		8914CFC01DAB4CC400A940A6 /* MJRefreshBackFooter.m */ = {isa = PBXFileReference; fileEncoding = 4; lastKnownFileType = sourcecode.c.objc; path = MJRefreshBackFooter.m; sourceTree = "<group>"; };
		8914CFC11DAB4CC400A940A6 /* MJRefreshComponent.h */ = {isa = PBXFileReference; fileEncoding = 4; lastKnownFileType = sourcecode.c.h; path = MJRefreshComponent.h; sourceTree = "<group>"; };
		8914CFC21DAB4CC400A940A6 /* MJRefreshComponent.m */ = {isa = PBXFileReference; fileEncoding = 4; lastKnownFileType = sourcecode.c.objc; path = MJRefreshComponent.m; sourceTree = "<group>"; };
		8914CFC31DAB4CC400A940A6 /* MJRefreshFooter.h */ = {isa = PBXFileReference; fileEncoding = 4; lastKnownFileType = sourcecode.c.h; path = MJRefreshFooter.h; sourceTree = "<group>"; };
		8914CFC41DAB4CC400A940A6 /* MJRefreshFooter.m */ = {isa = PBXFileReference; fileEncoding = 4; lastKnownFileType = sourcecode.c.objc; path = MJRefreshFooter.m; sourceTree = "<group>"; };
		8914CFC51DAB4CC400A940A6 /* MJRefreshHeader.h */ = {isa = PBXFileReference; fileEncoding = 4; lastKnownFileType = sourcecode.c.h; path = MJRefreshHeader.h; sourceTree = "<group>"; };
		8914CFC61DAB4CC400A940A6 /* MJRefreshHeader.m */ = {isa = PBXFileReference; fileEncoding = 4; lastKnownFileType = sourcecode.c.objc; path = MJRefreshHeader.m; sourceTree = "<group>"; };
		8914CFCA1DAB4CC400A940A6 /* MJRefreshAutoGifFooter.h */ = {isa = PBXFileReference; fileEncoding = 4; lastKnownFileType = sourcecode.c.h; path = MJRefreshAutoGifFooter.h; sourceTree = "<group>"; };
		8914CFCB1DAB4CC400A940A6 /* MJRefreshAutoGifFooter.m */ = {isa = PBXFileReference; fileEncoding = 4; lastKnownFileType = sourcecode.c.objc; path = MJRefreshAutoGifFooter.m; sourceTree = "<group>"; };
		8914CFCC1DAB4CC400A940A6 /* MJRefreshAutoNormalFooter.h */ = {isa = PBXFileReference; fileEncoding = 4; lastKnownFileType = sourcecode.c.h; path = MJRefreshAutoNormalFooter.h; sourceTree = "<group>"; };
		8914CFCD1DAB4CC400A940A6 /* MJRefreshAutoNormalFooter.m */ = {isa = PBXFileReference; fileEncoding = 4; lastKnownFileType = sourcecode.c.objc; path = MJRefreshAutoNormalFooter.m; sourceTree = "<group>"; };
		8914CFCE1DAB4CC400A940A6 /* MJRefreshAutoStateFooter.h */ = {isa = PBXFileReference; fileEncoding = 4; lastKnownFileType = sourcecode.c.h; path = MJRefreshAutoStateFooter.h; sourceTree = "<group>"; };
		8914CFCF1DAB4CC400A940A6 /* MJRefreshAutoStateFooter.m */ = {isa = PBXFileReference; fileEncoding = 4; lastKnownFileType = sourcecode.c.objc; path = MJRefreshAutoStateFooter.m; sourceTree = "<group>"; };
		8914CFD11DAB4CC400A940A6 /* MJRefreshBackGifFooter.h */ = {isa = PBXFileReference; fileEncoding = 4; lastKnownFileType = sourcecode.c.h; path = MJRefreshBackGifFooter.h; sourceTree = "<group>"; };
		8914CFD21DAB4CC400A940A6 /* MJRefreshBackGifFooter.m */ = {isa = PBXFileReference; fileEncoding = 4; lastKnownFileType = sourcecode.c.objc; path = MJRefreshBackGifFooter.m; sourceTree = "<group>"; };
		8914CFD31DAB4CC400A940A6 /* MJRefreshBackNormalFooter.h */ = {isa = PBXFileReference; fileEncoding = 4; lastKnownFileType = sourcecode.c.h; path = MJRefreshBackNormalFooter.h; sourceTree = "<group>"; };
		8914CFD41DAB4CC400A940A6 /* MJRefreshBackNormalFooter.m */ = {isa = PBXFileReference; fileEncoding = 4; lastKnownFileType = sourcecode.c.objc; path = MJRefreshBackNormalFooter.m; sourceTree = "<group>"; };
		8914CFD51DAB4CC400A940A6 /* MJRefreshBackStateFooter.h */ = {isa = PBXFileReference; fileEncoding = 4; lastKnownFileType = sourcecode.c.h; path = MJRefreshBackStateFooter.h; sourceTree = "<group>"; };
		8914CFD61DAB4CC400A940A6 /* MJRefreshBackStateFooter.m */ = {isa = PBXFileReference; fileEncoding = 4; lastKnownFileType = sourcecode.c.objc; path = MJRefreshBackStateFooter.m; sourceTree = "<group>"; };
		8914CFD81DAB4CC400A940A6 /* MJRefreshGifHeader.h */ = {isa = PBXFileReference; fileEncoding = 4; lastKnownFileType = sourcecode.c.h; path = MJRefreshGifHeader.h; sourceTree = "<group>"; };
		8914CFD91DAB4CC400A940A6 /* MJRefreshGifHeader.m */ = {isa = PBXFileReference; fileEncoding = 4; lastKnownFileType = sourcecode.c.objc; path = MJRefreshGifHeader.m; sourceTree = "<group>"; };
		8914CFDA1DAB4CC400A940A6 /* MJRefreshNormalHeader.h */ = {isa = PBXFileReference; fileEncoding = 4; lastKnownFileType = sourcecode.c.h; path = MJRefreshNormalHeader.h; sourceTree = "<group>"; };
		8914CFDB1DAB4CC400A940A6 /* MJRefreshNormalHeader.m */ = {isa = PBXFileReference; fileEncoding = 4; lastKnownFileType = sourcecode.c.objc; path = MJRefreshNormalHeader.m; sourceTree = "<group>"; };
		8914CFDC1DAB4CC400A940A6 /* MJRefreshStateHeader.h */ = {isa = PBXFileReference; fileEncoding = 4; lastKnownFileType = sourcecode.c.h; path = MJRefreshStateHeader.h; sourceTree = "<group>"; };
		8914CFDD1DAB4CC400A940A6 /* MJRefreshStateHeader.m */ = {isa = PBXFileReference; fileEncoding = 4; lastKnownFileType = sourcecode.c.objc; path = MJRefreshStateHeader.m; sourceTree = "<group>"; };
		8914CFDE1DAB4CC400A940A6 /* MJRefresh.bundle */ = {isa = PBXFileReference; lastKnownFileType = "wrapper.plug-in"; path = MJRefresh.bundle; sourceTree = "<group>"; };
		8914CFDF1DAB4CC400A940A6 /* MJRefresh.h */ = {isa = PBXFileReference; fileEncoding = 4; lastKnownFileType = sourcecode.c.h; path = MJRefresh.h; sourceTree = "<group>"; };
		8914CFE01DAB4CC400A940A6 /* MJRefreshConst.h */ = {isa = PBXFileReference; fileEncoding = 4; lastKnownFileType = sourcecode.c.h; path = MJRefreshConst.h; sourceTree = "<group>"; };
		8914CFE11DAB4CC400A940A6 /* MJRefreshConst.m */ = {isa = PBXFileReference; fileEncoding = 4; lastKnownFileType = sourcecode.c.objc; path = MJRefreshConst.m; sourceTree = "<group>"; };
		8914CFE21DAB4CC400A940A6 /* NSBundle+MJRefresh.h */ = {isa = PBXFileReference; fileEncoding = 4; lastKnownFileType = sourcecode.c.h; path = "NSBundle+MJRefresh.h"; sourceTree = "<group>"; };
		8914CFE31DAB4CC400A940A6 /* NSBundle+MJRefresh.m */ = {isa = PBXFileReference; fileEncoding = 4; lastKnownFileType = sourcecode.c.objc; path = "NSBundle+MJRefresh.m"; sourceTree = "<group>"; };
		8914CFE41DAB4CC400A940A6 /* UIScrollView+MJExtension.h */ = {isa = PBXFileReference; fileEncoding = 4; lastKnownFileType = sourcecode.c.h; path = "UIScrollView+MJExtension.h"; sourceTree = "<group>"; };
		8914CFE51DAB4CC400A940A6 /* UIScrollView+MJExtension.m */ = {isa = PBXFileReference; fileEncoding = 4; lastKnownFileType = sourcecode.c.objc; path = "UIScrollView+MJExtension.m"; sourceTree = "<group>"; };
		8914CFE61DAB4CC400A940A6 /* UIScrollView+MJRefresh.h */ = {isa = PBXFileReference; fileEncoding = 4; lastKnownFileType = sourcecode.c.h; path = "UIScrollView+MJRefresh.h"; sourceTree = "<group>"; };
		8914CFE71DAB4CC400A940A6 /* UIScrollView+MJRefresh.m */ = {isa = PBXFileReference; fileEncoding = 4; lastKnownFileType = sourcecode.c.objc; path = "UIScrollView+MJRefresh.m"; sourceTree = "<group>"; };
		8914CFE81DAB4CC400A940A6 /* UIView+MJExtension.h */ = {isa = PBXFileReference; fileEncoding = 4; lastKnownFileType = sourcecode.c.h; path = "UIView+MJExtension.h"; sourceTree = "<group>"; };
		8914CFE91DAB4CC400A940A6 /* UIView+MJExtension.m */ = {isa = PBXFileReference; fileEncoding = 4; lastKnownFileType = sourcecode.c.objc; path = "UIView+MJExtension.m"; sourceTree = "<group>"; };
		8914CFEB1DAB4CC400A940A6 /* MJChiBaoZiFooter.h */ = {isa = PBXFileReference; fileEncoding = 4; lastKnownFileType = sourcecode.c.h; path = MJChiBaoZiFooter.h; sourceTree = "<group>"; };
		8914CFEC1DAB4CC400A940A6 /* MJChiBaoZiFooter.m */ = {isa = PBXFileReference; fileEncoding = 4; lastKnownFileType = sourcecode.c.objc; path = MJChiBaoZiFooter.m; sourceTree = "<group>"; };
		8914CFED1DAB4CC400A940A6 /* MJChiBaoZiHeader.h */ = {isa = PBXFileReference; fileEncoding = 4; lastKnownFileType = sourcecode.c.h; path = MJChiBaoZiHeader.h; sourceTree = "<group>"; };
		8914CFEE1DAB4CC400A940A6 /* MJChiBaoZiHeader.m */ = {isa = PBXFileReference; fileEncoding = 4; lastKnownFileType = sourcecode.c.objc; path = MJChiBaoZiHeader.m; sourceTree = "<group>"; };
		8914CFEF1DAB4CC400A940A6 /* ShiDianRefresh.bundle */ = {isa = PBXFileReference; lastKnownFileType = "wrapper.plug-in"; path = ShiDianRefresh.bundle; sourceTree = "<group>"; };
		8914D0071DAB4E1F00A940A6 /* UIImage+ShiDianRefresh.h */ = {isa = PBXFileReference; fileEncoding = 4; lastKnownFileType = sourcecode.c.h; path = "UIImage+ShiDianRefresh.h"; sourceTree = "<group>"; };
		8914D0081DAB4E1F00A940A6 /* UIImage+ShiDianRefresh.m */ = {isa = PBXFileReference; fileEncoding = 4; lastKnownFileType = sourcecode.c.objc; path = "UIImage+ShiDianRefresh.m"; sourceTree = "<group>"; };
/* End PBXFileReference section */

/* Begin PBXFrameworksBuildPhase section */
		8914CF4C1DAB4BD100A940A6 /* Frameworks */ = {
			isa = PBXFrameworksBuildPhase;
			buildActionMask = 2147483647;
			files = (
			);
			runOnlyForDeploymentPostprocessing = 0;
		};
/* End PBXFrameworksBuildPhase section */

/* Begin PBXGroup section */
		8914CF461DAB4BD100A940A6 = {
			isa = PBXGroup;
			children = (
				8914CF511DAB4BD100A940A6 /* ShiDianRefresh */,
				8914CF501DAB4BD100A940A6 /* Products */,
			);
			sourceTree = "<group>";
		};
		8914CF501DAB4BD100A940A6 /* Products */ = {
			isa = PBXGroup;
			children = (
				8914CF4F1DAB4BD100A940A6 /* ShiDianRefresh.app */,
			);
			name = Products;
			sourceTree = "<group>";
		};
		8914CF511DAB4BD100A940A6 /* ShiDianRefresh */ = {
			isa = PBXGroup;
			children = (
				8914CFBA1DAB4CC400A940A6 /* ShiDianRefresh */,
				8914CF551DAB4BD100A940A6 /* AppDelegate.h */,
				8914CF561DAB4BD100A940A6 /* AppDelegate.m */,
				8914CF691DAB4BE800A940A6 /* ViewController.h */,
				8914CF6A1DAB4BE800A940A6 /* ViewController.m */,
				8914CFB81DAB4BF700A940A6 /* Main.storyboard */,
				8914CF5E1DAB4BD100A940A6 /* Assets.xcassets */,
				8914CF601DAB4BD100A940A6 /* LaunchScreen.storyboard */,
				8914CF631DAB4BD100A940A6 /* Info.plist */,
				8914CF521DAB4BD100A940A6 /* Supporting Files */,
			);
			path = ShiDianRefresh;
			sourceTree = "<group>";
		};
		8914CF521DAB4BD100A940A6 /* Supporting Files */ = {
			isa = PBXGroup;
			children = (
				8914CF531DAB4BD100A940A6 /* main.m */,
			);
			name = "Supporting Files";
			sourceTree = "<group>";
		};
		8914CFBA1DAB4CC400A940A6 /* ShiDianRefresh */ = {
			isa = PBXGroup;
			children = (
				8914CFBB1DAB4CC400A940A6 /* MJRefresh */,
				8914CFEA1DAB4CC400A940A6 /* ShiDianRefresh */,
			);
			path = ShiDianRefresh;
			sourceTree = "<group>";
		};
		8914CFBB1DAB4CC400A940A6 /* MJRefresh */ = {
			isa = PBXGroup;
			children = (
				8914CFBC1DAB4CC400A940A6 /* Base */,
				8914CFC71DAB4CC400A940A6 /* Custom */,
				8914CFDE1DAB4CC400A940A6 /* MJRefresh.bundle */,
				8914CFDF1DAB4CC400A940A6 /* MJRefresh.h */,
				8914CFE01DAB4CC400A940A6 /* MJRefreshConst.h */,
				8914CFE11DAB4CC400A940A6 /* MJRefreshConst.m */,
				8914CFE21DAB4CC400A940A6 /* NSBundle+MJRefresh.h */,
				8914CFE31DAB4CC400A940A6 /* NSBundle+MJRefresh.m */,
				8914CFE41DAB4CC400A940A6 /* UIScrollView+MJExtension.h */,
				8914CFE51DAB4CC400A940A6 /* UIScrollView+MJExtension.m */,
				8914CFE61DAB4CC400A940A6 /* UIScrollView+MJRefresh.h */,
				8914CFE71DAB4CC400A940A6 /* UIScrollView+MJRefresh.m */,
				8914CFE81DAB4CC400A940A6 /* UIView+MJExtension.h */,
				8914CFE91DAB4CC400A940A6 /* UIView+MJExtension.m */,
			);
			path = MJRefresh;
			sourceTree = "<group>";
		};
		8914CFBC1DAB4CC400A940A6 /* Base */ = {
			isa = PBXGroup;
			children = (
				8914CFBD1DAB4CC400A940A6 /* MJRefreshAutoFooter.h */,
				8914CFBE1DAB4CC400A940A6 /* MJRefreshAutoFooter.m */,
				8914CFBF1DAB4CC400A940A6 /* MJRefreshBackFooter.h */,
				8914CFC01DAB4CC400A940A6 /* MJRefreshBackFooter.m */,
				8914CFC11DAB4CC400A940A6 /* MJRefreshComponent.h */,
				8914CFC21DAB4CC400A940A6 /* MJRefreshComponent.m */,
				8914CFC31DAB4CC400A940A6 /* MJRefreshFooter.h */,
				8914CFC41DAB4CC400A940A6 /* MJRefreshFooter.m */,
				8914CFC51DAB4CC400A940A6 /* MJRefreshHeader.h */,
				8914CFC61DAB4CC400A940A6 /* MJRefreshHeader.m */,
			);
			path = Base;
			sourceTree = "<group>";
		};
		8914CFC71DAB4CC400A940A6 /* Custom */ = {
			isa = PBXGroup;
			children = (
				8914CFC81DAB4CC400A940A6 /* Footer */,
				8914CFD71DAB4CC400A940A6 /* Header */,
			);
			path = Custom;
			sourceTree = "<group>";
		};
		8914CFC81DAB4CC400A940A6 /* Footer */ = {
			isa = PBXGroup;
			children = (
				8914CFC91DAB4CC400A940A6 /* Auto */,
				8914CFD01DAB4CC400A940A6 /* Back */,
			);
			path = Footer;
			sourceTree = "<group>";
		};
		8914CFC91DAB4CC400A940A6 /* Auto */ = {
			isa = PBXGroup;
			children = (
				8914CFCA1DAB4CC400A940A6 /* MJRefreshAutoGifFooter.h */,
				8914CFCB1DAB4CC400A940A6 /* MJRefreshAutoGifFooter.m */,
				8914CFCC1DAB4CC400A940A6 /* MJRefreshAutoNormalFooter.h */,
				8914CFCD1DAB4CC400A940A6 /* MJRefreshAutoNormalFooter.m */,
				8914CFCE1DAB4CC400A940A6 /* MJRefreshAutoStateFooter.h */,
				8914CFCF1DAB4CC400A940A6 /* MJRefreshAutoStateFooter.m */,
			);
			path = Auto;
			sourceTree = "<group>";
		};
		8914CFD01DAB4CC400A940A6 /* Back */ = {
			isa = PBXGroup;
			children = (
				8914CFD11DAB4CC400A940A6 /* MJRefreshBackGifFooter.h */,
				8914CFD21DAB4CC400A940A6 /* MJRefreshBackGifFooter.m */,
				8914CFD31DAB4CC400A940A6 /* MJRefreshBackNormalFooter.h */,
				8914CFD41DAB4CC400A940A6 /* MJRefreshBackNormalFooter.m */,
				8914CFD51DAB4CC400A940A6 /* MJRefreshBackStateFooter.h */,
				8914CFD61DAB4CC400A940A6 /* MJRefreshBackStateFooter.m */,
			);
			path = Back;
			sourceTree = "<group>";
		};
		8914CFD71DAB4CC400A940A6 /* Header */ = {
			isa = PBXGroup;
			children = (
				8914CFD81DAB4CC400A940A6 /* MJRefreshGifHeader.h */,
				8914CFD91DAB4CC400A940A6 /* MJRefreshGifHeader.m */,
				8914CFDA1DAB4CC400A940A6 /* MJRefreshNormalHeader.h */,
				8914CFDB1DAB4CC400A940A6 /* MJRefreshNormalHeader.m */,
				8914CFDC1DAB4CC400A940A6 /* MJRefreshStateHeader.h */,
				8914CFDD1DAB4CC400A940A6 /* MJRefreshStateHeader.m */,
			);
			path = Header;
			sourceTree = "<group>";
		};
		8914CFEA1DAB4CC400A940A6 /* ShiDianRefresh */ = {
			isa = PBXGroup;
			children = (
				8914CFEB1DAB4CC400A940A6 /* MJChiBaoZiFooter.h */,
				8914CFEC1DAB4CC400A940A6 /* MJChiBaoZiFooter.m */,
				8914CFED1DAB4CC400A940A6 /* MJChiBaoZiHeader.h */,
				8914CFEE1DAB4CC400A940A6 /* MJChiBaoZiHeader.m */,
				8914CFEF1DAB4CC400A940A6 /* ShiDianRefresh.bundle */,
				8914D0071DAB4E1F00A940A6 /* UIImage+ShiDianRefresh.h */,
				8914D0081DAB4E1F00A940A6 /* UIImage+ShiDianRefresh.m */,
			);
			path = ShiDianRefresh;
			sourceTree = "<group>";
		};
/* End PBXGroup section */

/* Begin PBXNativeTarget section */
		8914CF4E1DAB4BD100A940A6 /* ShiDianRefresh */ = {
			isa = PBXNativeTarget;
			buildConfigurationList = 8914CF661DAB4BD100A940A6 /* Build configuration list for PBXNativeTarget "ShiDianRefresh" */;
			buildPhases = (
				8914CF4B1DAB4BD100A940A6 /* Sources */,
				8914CF4C1DAB4BD100A940A6 /* Frameworks */,
				8914CF4D1DAB4BD100A940A6 /* Resources */,
			);
			buildRules = (
			);
			dependencies = (
			);
			name = ShiDianRefresh;
			productName = ShiDianRefresh;
			productReference = 8914CF4F1DAB4BD100A940A6 /* ShiDianRefresh.app */;
			productType = "com.apple.product-type.application";
		};
/* End PBXNativeTarget section */

/* Begin PBXProject section */
		8914CF471DAB4BD100A940A6 /* Project object */ = {
			isa = PBXProject;
			attributes = {
				LastUpgradeCheck = 0730;
				ORGANIZATIONNAME = "冯成林";
				TargetAttributes = {
					8914CF4E1DAB4BD100A940A6 = {
						CreatedOnToolsVersion = 7.3;
					};
				};
			};
			buildConfigurationList = 8914CF4A1DAB4BD100A940A6 /* Build configuration list for PBXProject "ShiDianRefresh" */;
			compatibilityVersion = "Xcode 3.2";
			developmentRegion = English;
			hasScannedForEncodings = 0;
			knownRegions = (
				en,
				Base,
			);
			mainGroup = 8914CF461DAB4BD100A940A6;
			productRefGroup = 8914CF501DAB4BD100A940A6 /* Products */;
			projectDirPath = "";
			projectRoot = "";
			targets = (
				8914CF4E1DAB4BD100A940A6 /* ShiDianRefresh */,
			);
		};
/* End PBXProject section */

/* Begin PBXResourcesBuildPhase section */
		8914CF4D1DAB4BD100A940A6 /* Resources */ = {
			isa = PBXResourcesBuildPhase;
			buildActionMask = 2147483647;
			files = (
				8914CF621DAB4BD100A940A6 /* LaunchScreen.storyboard in Resources */,
				8914CFB91DAB4BF700A940A6 /* Main.storyboard in Resources */,
				8914CFFE1DAB4CC400A940A6 /* MJRefresh.bundle in Resources */,
				8914D0061DAB4CC400A940A6 /* ShiDianRefresh.bundle in Resources */,
				8914CF5F1DAB4BD100A940A6 /* Assets.xcassets in Resources */,
			);
			runOnlyForDeploymentPostprocessing = 0;
		};
/* End PBXResourcesBuildPhase section */

/* Begin PBXSourcesBuildPhase section */
		8914CF4B1DAB4BD100A940A6 /* Sources */ = {
			isa = PBXSourcesBuildPhase;
			buildActionMask = 2147483647;
			files = (
				8914CF6B1DAB4BE800A940A6 /* ViewController.m in Sources */,
				8914D0001DAB4CC400A940A6 /* NSBundle+MJRefresh.m in Sources */,
				8914CFF61DAB4CC400A940A6 /* MJRefreshAutoNormalFooter.m in Sources */,
				8914CFF51DAB4CC400A940A6 /* MJRefreshAutoGifFooter.m in Sources */,
				8914D0011DAB4CC400A940A6 /* UIScrollView+MJExtension.m in Sources */,
				8914CFFB1DAB4CC400A940A6 /* MJRefreshGifHeader.m in Sources */,
				8914CF571DAB4BD100A940A6 /* AppDelegate.m in Sources */,
				8914CFF21DAB4CC400A940A6 /* MJRefreshComponent.m in Sources */,
				8914D0041DAB4CC400A940A6 /* MJChiBaoZiFooter.m in Sources */,
				8914CFF41DAB4CC400A940A6 /* MJRefreshHeader.m in Sources */,
				8914D0031DAB4CC400A940A6 /* UIView+MJExtension.m in Sources */,
				8914CFFA1DAB4CC400A940A6 /* MJRefreshBackStateFooter.m in Sources */,
				8914CFF01DAB4CC400A940A6 /* MJRefreshAutoFooter.m in Sources */,
				8914D0021DAB4CC400A940A6 /* UIScrollView+MJRefresh.m in Sources */,
				8914CFF81DAB4CC400A940A6 /* MJRefreshBackGifFooter.m in Sources */,
				8914CFFC1DAB4CC400A940A6 /* MJRefreshNormalHeader.m in Sources */,
				8914D0091DAB4E1F00A940A6 /* UIImage+ShiDianRefresh.m in Sources */,
				8914CFF71DAB4CC400A940A6 /* MJRefreshAutoStateFooter.m in Sources */,
				8914CFF11DAB4CC400A940A6 /* MJRefreshBackFooter.m in Sources */,
				8914CF541DAB4BD100A940A6 /* main.m in Sources */,
				8914CFFF1DAB4CC400A940A6 /* MJRefreshConst.m in Sources */,
				8914CFF91DAB4CC400A940A6 /* MJRefreshBackNormalFooter.m in Sources */,
				8914CFFD1DAB4CC400A940A6 /* MJRefreshStateHeader.m in Sources */,
				8914D0051DAB4CC400A940A6 /* MJChiBaoZiHeader.m in Sources */,
				8914CFF31DAB4CC400A940A6 /* MJRefreshFooter.m in Sources */,
			);
			runOnlyForDeploymentPostprocessing = 0;
		};
/* End PBXSourcesBuildPhase section */

/* Begin PBXVariantGroup section */
		8914CF601DAB4BD100A940A6 /* LaunchScreen.storyboard */ = {
			isa = PBXVariantGroup;
			children = (
				8914CF611DAB4BD100A940A6 /* Base */,
			);
			name = LaunchScreen.storyboard;
			sourceTree = "<group>";
		};
/* End PBXVariantGroup section */

/* Begin XCBuildConfiguration section */
		8914CF641DAB4BD100A940A6 /* Debug */ = {
			isa = XCBuildConfiguration;
			buildSettings = {
				ALWAYS_SEARCH_USER_PATHS = NO;
				CLANG_ANALYZER_NONNULL = YES;
				CLANG_CXX_LANGUAGE_STANDARD = "gnu++0x";
				CLANG_CXX_LIBRARY = "libc++";
				CLANG_ENABLE_MODULES = YES;
				CLANG_ENABLE_OBJC_ARC = YES;
				CLANG_WARN_BOOL_CONVERSION = YES;
				CLANG_WARN_CONSTANT_CONVERSION = YES;
				CLANG_WARN_DIRECT_OBJC_ISA_USAGE = YES_ERROR;
				CLANG_WARN_EMPTY_BODY = YES;
				CLANG_WARN_ENUM_CONVERSION = YES;
				CLANG_WARN_INT_CONVERSION = YES;
				CLANG_WARN_OBJC_ROOT_CLASS = YES_ERROR;
				CLANG_WARN_UNREACHABLE_CODE = YES;
				CLANG_WARN__DUPLICATE_METHOD_MATCH = YES;
				"CODE_SIGN_IDENTITY[sdk=iphoneos*]" = "iPhone Developer";
				COPY_PHASE_STRIP = NO;
				DEBUG_INFORMATION_FORMAT = dwarf;
				ENABLE_STRICT_OBJC_MSGSEND = YES;
				ENABLE_TESTABILITY = YES;
				GCC_C_LANGUAGE_STANDARD = gnu99;
				GCC_DYNAMIC_NO_PIC = NO;
				GCC_NO_COMMON_BLOCKS = YES;
				GCC_OPTIMIZATION_LEVEL = 0;
				GCC_PREPROCESSOR_DEFINITIONS = (
					"DEBUG=1",
					"$(inherited)",
				);
				GCC_WARN_64_TO_32_BIT_CONVERSION = YES;
				GCC_WARN_ABOUT_RETURN_TYPE = YES_ERROR;
				GCC_WARN_UNDECLARED_SELECTOR = YES;
				GCC_WARN_UNINITIALIZED_AUTOS = YES_AGGRESSIVE;
				GCC_WARN_UNUSED_FUNCTION = YES;
				GCC_WARN_UNUSED_VARIABLE = YES;
				IPHONEOS_DEPLOYMENT_TARGET = 9.3;
				MTL_ENABLE_DEBUG_INFO = YES;
				ONLY_ACTIVE_ARCH = YES;
				SDKROOT = iphoneos;
			};
			name = Debug;
		};
		8914CF651DAB4BD100A940A6 /* Release */ = {
			isa = XCBuildConfiguration;
			buildSettings = {
				ALWAYS_SEARCH_USER_PATHS = NO;
				CLANG_ANALYZER_NONNULL = YES;
				CLANG_CXX_LANGUAGE_STANDARD = "gnu++0x";
				CLANG_CXX_LIBRARY = "libc++";
				CLANG_ENABLE_MODULES = YES;
				CLANG_ENABLE_OBJC_ARC = YES;
				CLANG_WARN_BOOL_CONVERSION = YES;
				CLANG_WARN_CONSTANT_CONVERSION = YES;
				CLANG_WARN_DIRECT_OBJC_ISA_USAGE = YES_ERROR;
				CLANG_WARN_EMPTY_BODY = YES;
				CLANG_WARN_ENUM_CONVERSION = YES;
				CLANG_WARN_INT_CONVERSION = YES;
				CLANG_WARN_OBJC_ROOT_CLASS = YES_ERROR;
				CLANG_WARN_UNREACHABLE_CODE = YES;
				CLANG_WARN__DUPLICATE_METHOD_MATCH = YES;
				"CODE_SIGN_IDENTITY[sdk=iphoneos*]" = "iPhone Developer";
				COPY_PHASE_STRIP = NO;
				DEBUG_INFORMATION_FORMAT = "dwarf-with-dsym";
				ENABLE_NS_ASSERTIONS = NO;
				ENABLE_STRICT_OBJC_MSGSEND = YES;
				GCC_C_LANGUAGE_STANDARD = gnu99;
				GCC_NO_COMMON_BLOCKS = YES;
				GCC_WARN_64_TO_32_BIT_CONVERSION = YES;
				GCC_WARN_ABOUT_RETURN_TYPE = YES_ERROR;
				GCC_WARN_UNDECLARED_SELECTOR = YES;
				GCC_WARN_UNINITIALIZED_AUTOS = YES_AGGRESSIVE;
				GCC_WARN_UNUSED_FUNCTION = YES;
				GCC_WARN_UNUSED_VARIABLE = YES;
				IPHONEOS_DEPLOYMENT_TARGET = 9.3;
				MTL_ENABLE_DEBUG_INFO = NO;
				SDKROOT = iphoneos;
				VALIDATE_PRODUCT = YES;
			};
			name = Release;
		};
		8914CF671DAB4BD100A940A6 /* Debug */ = {
			isa = XCBuildConfiguration;
			buildSettings = {
				ASSETCATALOG_COMPILER_APPICON_NAME = AppIcon;
				INFOPLIST_FILE = ShiDianRefresh/Info.plist;
				IPHONEOS_DEPLOYMENT_TARGET = 7.0;
				LD_RUNPATH_SEARCH_PATHS = "$(inherited) @executable_path/Frameworks";
				PRODUCT_BUNDLE_IDENTIFIER = com.ShiDian.ShiDianRefresh;
				PRODUCT_NAME = "$(TARGET_NAME)";
			};
			name = Debug;
		};
		8914CF681DAB4BD100A940A6 /* Release */ = {
			isa = XCBuildConfiguration;
			buildSettings = {
				ASSETCATALOG_COMPILER_APPICON_NAME = AppIcon;
				INFOPLIST_FILE = ShiDianRefresh/Info.plist;
				IPHONEOS_DEPLOYMENT_TARGET = 7.0;
				LD_RUNPATH_SEARCH_PATHS = "$(inherited) @executable_path/Frameworks";
				PRODUCT_BUNDLE_IDENTIFIER = com.ShiDian.ShiDianRefresh;
				PRODUCT_NAME = "$(TARGET_NAME)";
			};
			name = Release;
		};
/* End XCBuildConfiguration section */

/* Begin XCConfigurationList section */
		8914CF4A1DAB4BD100A940A6 /* Build configuration list for PBXProject "ShiDianRefresh" */ = {
			isa = XCConfigurationList;
			buildConfigurations = (
				8914CF641DAB4BD100A940A6 /* Debug */,
				8914CF651DAB4BD100A940A6 /* Release */,
			);
			defaultConfigurationIsVisible = 0;
			defaultConfigurationName = Release;
		};
		8914CF661DAB4BD100A940A6 /* Build configuration list for PBXNativeTarget "ShiDianRefresh" */ = {
			isa = XCConfigurationList;
			buildConfigurations = (
				8914CF671DAB4BD100A940A6 /* Debug */,
				8914CF681DAB4BD100A940A6 /* Release */,
			);
			defaultConfigurationIsVisible = 0;
		};
/* End XCConfigurationList section */
	};
	rootObject = 8914CF471DAB4BD100A940A6 /* Project object */;
}
